{
    "_meta": {
        "hash": {
            "sha256": "a4e947cf6cf2c363e28b90447d0bba595bafcf8434f8f1e7790fe81ba6f9f003"
        },
        "pipfile-spec": 6,
        "requires": {
            "python_version": ">=3.10"
        },
        "sources": [
            {
                "name": "pypi",
                "url": "https://pypi.org/simple",
                "verify_ssl": true
            }
        ]
    },
    "default": {
        "customtkinter": {
            "hashes": [
                "sha256:479ecdcfa91cd54d03be7c302612fcb3719df8928657bab5ea4a0a9e255e7099",
                "sha256:d475da11aeaf4edd83499ceffb9437614d47b2a3c5d41531d115a3ff942d7838"
            ],
            "index": "pypi",
            "version": "==4.6.3"
        },
        "darkdetect": {
            "hashes": [
                "sha256:3efe69f8ecd5f1b7f4fbb0d1d93f656b0e493c45cc49222380ffe2a529cbc866",
                "sha256:47be3cf5134432ddb616bbffc927237718407914993c82809983e7ccebf49013"
            ],
            "version": "==0.7.1"
        },
        "imageio": {
            "hashes": [
                "sha256:0fae027addf02bc89c73a56cc157ad84557f8b8b84aa19b4cb706fefca2d88ff",
                "sha256:bb173f8af27e4921f59539c4d45068fcedb892e58261fce8253f31c9a0ff9ccf"
            ],
            "index": "pypi",
            "version": "==2.22.4"
        },
        "nuitka": {
            "hashes": [
                "sha256:1706631e5582f65621e0863f0a3a5ab69ce66ef1811f602f003917128e3f2f7a"
            ],
            "index": "pypi",
            "version": "==1.2.2"
        },
        "numpy": {
            "hashes": [
                "sha256:01dd17cbb340bf0fc23981e52e1d18a9d4050792e8fb8363cecbf066a84b827d",
                "sha256:06005a2ef6014e9956c09ba07654f9837d9e26696a0470e42beedadb78c11b07",
                "sha256:09b7847f7e83ca37c6e627682f145856de331049013853f344f37b0c9690e3df",
                "sha256:0aaee12d8883552fadfc41e96b4c82ee7d794949e2a7c3b3a7201e968c7ecab9",
                "sha256:0cbe9848fad08baf71de1a39e12d1b6310f1d5b2d0ea4de051058e6e1076852d",
                "sha256:1b1766d6f397c18153d40015ddfc79ddb715cabadc04d2d228d4e5a8bc4ded1a",
                "sha256:33161613d2269025873025b33e879825ec7b1d831317e68f4f2f0f84ed14c719",
                "sha256:5039f55555e1eab31124a5768898c9e22c25a65c1e0037f4d7c495a45778c9f2",
                "sha256:522e26bbf6377e4d76403826ed689c295b0b238f46c28a7251ab94716da0b280",
                "sha256:56e454c7833e94ec9769fa0f86e6ff8e42ee38ce0ce1fa4cbb747ea7e06d56aa",
                "sha256:58f545efd1108e647604a1b5aa809591ccd2540f468a880bedb97247e72db387",
                "sha256:5e05b1c973a9f858c74367553e236f287e749465f773328c8ef31abe18f691e1",
                "sha256:7903ba8ab592b82014713c491f6c5d3a1cde5b4a3bf116404e08f5b52f6daf43",
                "sha256:8969bfd28e85c81f3f94eb4a66bc2cf1dbdc5c18efc320af34bffc54d6b1e38f",
                "sha256:92c8c1e89a1f5028a4c6d9e3ccbe311b6ba53694811269b992c0b224269e2398",
                "sha256:9c88793f78fca17da0145455f0d7826bcb9f37da4764af27ac945488116efe63",
                "sha256:a7ac231a08bb37f852849bbb387a20a57574a97cfc7b6cabb488a4fc8be176de",
                "sha256:abdde9f795cf292fb9651ed48185503a2ff29be87770c3b8e2a14b0cd7aa16f8",
                "sha256:af1da88f6bc3d2338ebbf0e22fe487821ea4d8e89053e25fa59d1d79786e7481",
                "sha256:b2a9ab7c279c91974f756c84c365a669a887efa287365a8e2c418f8b3ba73fb0",
                "sha256:bf837dc63ba5c06dc8797c398db1e223a466c7ece27a1f7b5232ba3466aafe3d",
                "sha256:ca51fcfcc5f9354c45f400059e88bc09215fb71a48d3768fb80e357f3b457e1e",
                "sha256:ce571367b6dfe60af04e04a1834ca2dc5f46004ac1cc756fb95319f64c095a96",
                "sha256:d208a0f8729f3fb790ed18a003f3a57895b989b40ea4dce4717e9cf4af62c6bb",
                "sha256:dbee87b469018961d1ad79b1a5d50c0ae850000b639bcb1b694e9981083243b6",
                "sha256:e9f4c4e51567b616be64e05d517c79a8a22f3606499941d97bb76f2ca59f982d",
                "sha256:f063b69b090c9d918f9df0a12116029e274daf0181df392839661c4c7ec9018a",
                "sha256:f9a909a8bae284d46bbfdefbdd4a262ba19d3bc9921b1e76126b1d21c3c34135"
            ],
            "markers": "python_version >= '3.8'",
            "version": "==1.23.5"
        },
        "ordered-set": {
            "hashes": [
                "sha256:046e1132c71fcf3330438a539928932caf51ddbc582496833e23de611de14562",
                "sha256:694a8e44c87657c59292ede72891eb91d34131f6531463aab3009191c77364a8"
            ],
            "index": "pypi",
            "version": "==4.1.0"
        },
        "pillow": {
            "hashes": [
                "sha256:03150abd92771742d4a8cd6f2fa6246d847dcd2e332a18d0c15cc75bf6703040",
                "sha256:073adb2ae23431d3b9bcbcff3fe698b62ed47211d0716b067385538a1b0f28b8",
                "sha256:0b07fffc13f474264c336298d1b4ce01d9c5a011415b79d4ee5527bb69ae6f65",
                "sha256:0b7257127d646ff8676ec8a15520013a698d1fdc48bc2a79ba4e53df792526f2",
                "sha256:12ce4932caf2ddf3e41d17fc9c02d67126935a44b86df6a206cf0d7161548627",
                "sha256:15c42fb9dea42465dfd902fb0ecf584b8848ceb28b41ee2b58f866411be33f07",
                "sha256:18498994b29e1cf86d505edcb7edbe814d133d2232d256db8c7a8ceb34d18cef",
                "sha256:1c7c8ae3864846fc95f4611c78129301e203aaa2af813b703c55d10cc1628535",
                "sha256:22b012ea2d065fd163ca096f4e37e47cd8b59cf4b0fd47bfca6abb93df70b34c",
                "sha256:276a5ca930c913f714e372b2591a22c4bd3b81a418c0f6635ba832daec1cbcfc",
                "sha256:2e0918e03aa0c72ea56edbb00d4d664294815aa11291a11504a377ea018330d3",
                "sha256:3033fbe1feb1b59394615a1cafaee85e49d01b51d54de0cbf6aa8e64182518a1",
                "sha256:3168434d303babf495d4ba58fc22d6604f6e2afb97adc6a423e917dab828939c",
                "sha256:32a44128c4bdca7f31de5be641187367fe2a450ad83b833ef78910397db491aa",
                "sha256:3dd6caf940756101205dffc5367babf288a30043d35f80936f9bfb37f8355b32",
                "sha256:40e1ce476a7804b0fb74bcfa80b0a2206ea6a882938eaba917f7a0f004b42502",
                "sha256:41e0051336807468be450d52b8edd12ac60bebaa97fe10c8b660f116e50b30e4",
                "sha256:4390e9ce199fc1951fcfa65795f239a8a4944117b5935a9317fb320e7767b40f",
                "sha256:502526a2cbfa431d9fc2a079bdd9061a2397b842bb6bc4239bb176da00993812",
                "sha256:51e0e543a33ed92db9f5ef69a0356e0b1a7a6b6a71b80df99f1d181ae5875636",
                "sha256:57751894f6618fd4308ed8e0c36c333e2f5469744c34729a27532b3db106ee20",
                "sha256:5d77adcd56a42d00cc1be30843d3426aa4e660cab4a61021dc84467123f7a00c",
                "sha256:655a83b0058ba47c7c52e4e2df5ecf484c1b0b0349805896dd350cbc416bdd91",
                "sha256:68943d632f1f9e3dce98908e873b3a090f6cba1cbb1b892a9e8d97c938871fbe",
                "sha256:6c738585d7a9961d8c2821a1eb3dcb978d14e238be3d70f0a706f7fa9316946b",
                "sha256:73bd195e43f3fadecfc50c682f5055ec32ee2c933243cafbfdec69ab1aa87cad",
                "sha256:772a91fc0e03eaf922c63badeca75e91baa80fe2f5f87bdaed4280662aad25c9",
                "sha256:77ec3e7be99629898c9a6d24a09de089fa5356ee408cdffffe62d67bb75fdd72",
                "sha256:7db8b751ad307d7cf238f02101e8e36a128a6cb199326e867d1398067381bff4",
                "sha256:801ec82e4188e935c7f5e22e006d01611d6b41661bba9fe45b60e7ac1a8f84de",
                "sha256:82409ffe29d70fd733ff3c1025a602abb3e67405d41b9403b00b01debc4c9a29",
                "sha256:828989c45c245518065a110434246c44a56a8b2b2f6347d1409c787e6e4651ee",
                "sha256:829f97c8e258593b9daa80638aee3789b7df9da5cf1336035016d76f03b8860c",
                "sha256:871b72c3643e516db4ecf20efe735deb27fe30ca17800e661d769faab45a18d7",
                "sha256:89dca0ce00a2b49024df6325925555d406b14aa3efc2f752dbb5940c52c56b11",
                "sha256:90fb88843d3902fe7c9586d439d1e8c05258f41da473952aa8b328d8b907498c",
                "sha256:97aabc5c50312afa5e0a2b07c17d4ac5e865b250986f8afe2b02d772567a380c",
                "sha256:9aaa107275d8527e9d6e7670b64aabaaa36e5b6bd71a1015ddd21da0d4e06448",
                "sha256:9f47eabcd2ded7698106b05c2c338672d16a6f2a485e74481f524e2a23c2794b",
                "sha256:a0a06a052c5f37b4ed81c613a455a81f9a3a69429b4fd7bb913c3fa98abefc20",
                "sha256:ab388aaa3f6ce52ac1cb8e122c4bd46657c15905904b3120a6248b5b8b0bc228",
                "sha256:ad58d27a5b0262c0c19b47d54c5802db9b34d38bbf886665b626aff83c74bacd",
                "sha256:ae5331c23ce118c53b172fa64a4c037eb83c9165aba3a7ba9ddd3ec9fa64a699",
                "sha256:af0372acb5d3598f36ec0914deed2a63f6bcdb7b606da04dc19a88d31bf0c05b",
                "sha256:afa4107d1b306cdf8953edde0534562607fe8811b6c4d9a486298ad31de733b2",
                "sha256:b03ae6f1a1878233ac620c98f3459f79fd77c7e3c2b20d460284e1fb370557d4",
                "sha256:b0915e734b33a474d76c28e07292f196cdf2a590a0d25bcc06e64e545f2d146c",
                "sha256:b4012d06c846dc2b80651b120e2cdd787b013deb39c09f407727ba90015c684f",
                "sha256:b472b5ea442148d1c3e2209f20f1e0bb0eb556538690fa70b5e1f79fa0ba8dc2",
                "sha256:b59430236b8e58840a0dfb4099a0e8717ffb779c952426a69ae435ca1f57210c",
                "sha256:b90f7616ea170e92820775ed47e136208e04c967271c9ef615b6fbd08d9af0e3",
                "sha256:b9a65733d103311331875c1dca05cb4606997fd33d6acfed695b1232ba1df193",
                "sha256:bac18ab8d2d1e6b4ce25e3424f709aceef668347db8637c2296bcf41acb7cf48",
                "sha256:bca31dd6014cb8b0b2db1e46081b0ca7d936f856da3b39744aef499db5d84d02",
                "sha256:be55f8457cd1eac957af0c3f5ece7bc3f033f89b114ef30f710882717670b2a8",
                "sha256:c7025dce65566eb6e89f56c9509d4f628fddcedb131d9465cacd3d8bac337e7e",
                "sha256:c935a22a557a560108d780f9a0fc426dd7459940dc54faa49d83249c8d3e760f",
                "sha256:dbb8e7f2abee51cef77673be97760abff1674ed32847ce04b4af90f610144c7b",
                "sha256:e6ea6b856a74d560d9326c0f5895ef8050126acfdc7ca08ad703eb0081e82b74",
                "sha256:ebf2029c1f464c59b8bdbe5143c79fa2045a581ac53679733d3a91d400ff9efb",
                "sha256:f1ff2ee69f10f13a9596480335f406dd1f70c3650349e2be67ca3139280cade0"
            ],
            "markers": "python_version >= '3.7'",
            "version": "==9.3.0"
        },
        "pycryptodome": {
            "hashes": [
                "sha256:045d75527241d17e6ef13636d845a12e54660aa82e823b3b3341bcf5af03fa79",
                "sha256:0926f7cc3735033061ef3cf27ed16faad6544b14666410727b31fea85a5b16eb",
                "sha256:092a26e78b73f2530b8bd6b3898e7453ab2f36e42fd85097d705d6aba2ec3e5e",
                "sha256:1b22bcd9ec55e9c74927f6b1f69843cb256fb5a465088ce62837f793d9ffea88",
                "sha256:2aa55aae81f935a08d5a3c2042eb81741a43e044bd8a81ea7239448ad751f763",
                "sha256:2ae53125de5b0d2c95194d957db9bb2681da8c24d0fb0fe3b056de2bcaf5d837",
                "sha256:2ea63d46157386c5053cfebcdd9bd8e0c8b7b0ac4a0507a027f5174929403884",
                "sha256:2ec709b0a58b539a4f9d33fb8508264c3678d7edb33a68b8906ba914f71e8c13",
                "sha256:2ffd8b31561455453ca9f62cb4c24e6b8d119d6d531087af5f14b64bee2c23e6",
                "sha256:4b52cb18b0ad46087caeb37a15e08040f3b4c2d444d58371b6f5d786d95534c2",
                "sha256:4c3ccad74eeb7b001f3538643c4225eac398c77d617ebb3e57571a897943c667",
                "sha256:5099c9ca345b2f252f0c28e96904643153bae9258647585e5e6f649bb7a1844a",
                "sha256:50ca7e587b8e541eb6c192acf92449d95377d1f88908c0a32ac5ac2703ebe28b",
                "sha256:57f565acd2f0cf6fb3e1ba553d0cb1f33405ec1f9c5ded9b9a0a5320f2c0bd3d",
                "sha256:60b4faae330c3624cc5a546ba9cfd7b8273995a15de94ee4538130d74953ec2e",
                "sha256:7c9ed8aa31c146bef65d89a1b655f5f4eab5e1120f55fc297713c89c9e56ff0b",
                "sha256:7e3a8f6ee405b3bd1c4da371b93c31f7027944b2bcce0697022801db93120d83",
                "sha256:9135dddad504592bcc18b0d2d95ce86c3a5ea87ec6447ef25cfedea12d6018b8",
                "sha256:9c772c485b27967514d0df1458b56875f4b6d025566bf27399d0c239ff1b369f",
                "sha256:9eaadc058106344a566dc51d3d3a758ab07f8edde013712bc8d22032a86b264f",
                "sha256:9ee40e2168f1348ae476676a2e938ca80a2f57b14a249d8fe0d3cdf803e5a676",
                "sha256:a8f06611e691c2ce45ca09bbf983e2ff2f8f4f87313609d80c125aff9fad6e7f",
                "sha256:b9c5b1a1977491533dfd31e01550ee36ae0249d78aae7f632590db833a5012b8",
                "sha256:b9cc96e274b253e47ad33ae1fccc36ea386f5251a823ccb50593a935db47fdd2",
                "sha256:c3640deff4197fa064295aaac10ab49a0d55ef3d6a54ae1499c40d646655c89f",
                "sha256:c77126899c4b9c9827ddf50565e93955cb3996813c18900c16b2ea0474e130e9",
                "sha256:d2a39a66057ab191e5c27211a7daf8f0737f23acbf6b3562b25a62df65ffcb7b",
                "sha256:e244ab85c422260de91cda6379e8e986405b4f13dc97d2876497178707f87fc1",
                "sha256:eb6fce570869e70cc8ebe68eaa1c26bed56d40ad0f93431ee61d400525433c54",
                "sha256:ecaaef2d21b365d9c5ca8427ffc10cebed9d9102749fd502218c23cb9a05feb5",
                "sha256:fd2184aae6ee2a944aaa49113e6f5787cdc5e4db1eb8edb1aea914bd75f33a0c",
                "sha256:ff287bcba9fbeb4f1cccc1f2e90a08d691480735a611ee83c80a7d74ad72b9d9",
                "sha256:ff7ae90e36c1715a54446e7872b76102baa5c63aa980917f4aa45e8c78d1a3ec"
            ],
            "index": "pypi",
            "version": "==3.15.0"
        },
        "zstandard": {
            "hashes": [
                "sha256:04c298d381a3b6274b0a8001f0da0ec7819d052ad9c3b0863fe8c7f154061f76",
                "sha256:0fde1c56ec118940974e726c2a27e5b54e71e16c6f81d0b4722112b91d2d9009",
                "sha256:126aa8433773efad0871f624339c7984a9c43913952f77d5abeee7f95a0c0860",
                "sha256:1a4fb8b4ac6772e4d656103ccaf2e43e45bd16b5da324b963d58ef360d09eb73",
                "sha256:2e4812720582d0803e84aefa2ac48ce1e1e6e200ca3ce1ae2be6d410c1d637ae",
                "sha256:2f01b27d0b453f07cbcff01405cdd007e71f5d6410eb01303a16ba19213e58e4",
                "sha256:31d12fcd942dd8dbf52ca5f6b1bbe287f44e5d551a081a983ff3ea2082867863",
                "sha256:3c927b6aa682c6d96225e1c797f4a5d0b9f777b327dea912b23471aaf5385376",
                "sha256:3d5bb598963ac1f1f5b72dd006adb46ca6203e4fb7269a5b6e1f99e85b07ad38",
                "sha256:401508efe02341ae681752a87e8ac9ef76df85ef1a238a7a21786a489d2c983d",
                "sha256:4514b19abe6dbd36d6c5d75c54faca24b1ceb3999193c5b1f4b685abeabde3d0",
                "sha256:47dfa52bed3097c705451bafd56dac26535545a987b6759fa39da1602349d7ba",
                "sha256:4fa496d2d674c6e9cffc561639d17009d29adee84a27cf1e12d3c9be14aa8feb",
                "sha256:55a513ec67e85abd8b8b83af8813368036f03e2d29a50fc94033504918273980",
                "sha256:55b3187e0bed004533149882ef8c24e954321f3be81f8a9ceffe35099b82a0d0",
                "sha256:593f96718ad906e24d6534187fdade28b611f8ed06e27ba972ba48aecec45fc6",
                "sha256:5e21032efe673b887464667d09406bab6e16d96b09ad87e80859e3a20b6745b6",
                "sha256:60a86b7b2b1c300779167cf595e019e61afcc0e20c4838692983a921db9006ac",
                "sha256:619f9bf37cdb4c3dc9d4120d2a1003f5db9446f3618a323219f408f6a9df6725",
                "sha256:660b91eca10ee1b44c47843894abe3e6cfd80e50c90dee3123befbf7ca486bd3",
                "sha256:67710d220af405f5ce22712fa741d85e8b3ada7a457ea419b038469ba379837c",
                "sha256:6caed86cd47ae93915d9031dc04be5283c275e1a2af2ceff33932071f3eeff4d",
                "sha256:6d2182e648e79213b3881998b30225b3f4b1f3e681f1c1eaf4cacf19bde1040d",
                "sha256:72758c9f785831d9d744af282d54c3e0f9db34f7eae521c33798695464993da2",
                "sha256:74c2637d12eaacb503b0b06efdf55199a11b1d7c580bd3dd9dfe84cac97ef2f6",
                "sha256:755020d5aeb1b10bffd93d119e7709a2a7475b6ad79c8d5226cea3f76d152ce0",
                "sha256:7ccc4727300f223184520a6064c161a90b5d0283accd72d1455bcd85ec44dd0d",
                "sha256:81ab21d03e3b0351847a86a0b298b297fde1e152752614138021d6d16a476ea6",
                "sha256:8371217dff635cfc0220db2720fc3ce728cd47e72bb7572cca035332823dbdfc",
                "sha256:876567136b0359f6581ecd892bdb4ca03a0eead0265db73206c78cff03bcdb0f",
                "sha256:879411d04068bd489db57dcf6b82ffad3c5fb2a1fdd30817c566d8b7bedee442",
                "sha256:898500957ae5e7f31b7271ace4e6f3625b38c0ac84e8cedde8de3a77a7fdae5e",
                "sha256:8c9ca56345b0c5574db47560603de9d05f63cce5dfeb3a456eb60f3fec737ff2",
                "sha256:8ec2c146e10b59c376b6bc0369929647fcd95404a503a7aa0990f21c16462248",
                "sha256:8f7c68de4f362c1b2f426395fe4e05028c56d0782b2ec3ae18a5416eaf775576",
                "sha256:909bdd4e19ea437eb9b45d6695d722f6f0fd9d8f493e837d70f92062b9f39faf",
                "sha256:9d97c713433087ba5cee61a3e8edb54029753d45a4288ad61a176fa4718033ce",
                "sha256:a65e0119ad39e855427520f7829618f78eb2824aa05e63ff19b466080cd99210",
                "sha256:aa9087571729c968cd853d54b3f6e9d0ec61e45cd2c31e0eb8a0d4bdbbe6da2f",
                "sha256:aef0889417eda2db000d791f9739f5cecb9ccdd45c98f82c6be531bdc67ff0f2",
                "sha256:b253d0c53c8ee12c3e53d181fb9ef6ce2cd9c41cbca1c56a535e4fc8ec41e241",
                "sha256:b80f6f6478f9d4ca26daee6c61584499493bf97950cfaa1a02b16bb5c2c17e70",
                "sha256:be6329b5ba18ec5d32dc26181e0148e423347ed936dda48bf49fb243895d1566",
                "sha256:c7560f622e3849cc8f3e999791a915addd08fafe80b47fcf3ffbda5b5151047c",
                "sha256:d1a7a716bb04b1c3c4a707e38e2dee46ac544fff931e66d7ae944f3019fc55b8",
                "sha256:d63b04e16df8ea21dfcedbf5a60e11cbba9d835d44cb3cbff233cfd037a916d5",
                "sha256:d777d239036815e9b3a093fa9208ad314c040c26d7246617e70e23025b60083a",
                "sha256:e892d3177380ec080550b56a7ffeab680af25575d291766bdd875147ba246a91",
                "sha256:e9c90a44470f2999779057aeaf33461cbd8bb59d8f15e983150d10bb260e16e0",
                "sha256:f097dda5d4f9b9b01b3c9fa2069f9c02929365f48f341feddf3d6b32510a2f93",
                "sha256:f4ebfe03cbae821ef994b2e58e4df6a087470cc522aca502614e82a143365d45"
            ],
            "index": "pypi",
            "version": "==0.19.0"
        }
    },
    "develop": {}
}
